PODS:
  - Alamofire (5.2.1)
  - Moya (14.0.0):
    - Moya/Core (= 14.0.0)
  - Moya-SwiftyJSONMapper (6.0.0):
    - Moya-SwiftyJSONMapper/Core (= 6.0.0)
  - Moya-SwiftyJSONMapper/Core (6.0.0):
    - Moya (~> 14)
    - SwiftyJSON
  - Moya-SwiftyJSONMapper/ReactiveCocoa (6.0.0):
    - Moya-SwiftyJSONMapper/Core
    - Moya/ReactiveSwift
  - Moya-SwiftyJSONMapper/RxSwift (6.0.0):
    - Moya-SwiftyJSONMapper/Core
    - Moya/RxSwift
  - Moya/Core (14.0.0):
    - Alamofire (~> 5.0)
  - Moya/ReactiveSwift (14.0.0):
    - Moya/Core
    - ReactiveSwift (~> 6.0)
  - Moya/RxSwift (14.0.0):
    - Moya/Core
    - RxSwift (~> 5.0)
  - ReactiveSwift (6.3.0)
  - RxSwift (5.1.1)
  - SwiftyJSON (5.0.0)

DEPENDENCIES:
  - Moya-SwiftyJSONMapper (from `../`)
  - Moya-SwiftyJSONMapper/ReactiveCocoa (from `../`)
  - Moya-SwiftyJSONMapper/RxSwift (from `../`)

SPEC REPOS:
  https://github.com/CocoaPods/Specs.git:
    - Alamofire
    - Moya
    - ReactiveSwift
    - RxSwift
    - SwiftyJSON

EXTERNAL SOURCES:
  Moya-SwiftyJSONMapper:
    :path: "../"

SPEC CHECKSUMS:
  Alamofire: e911732990610fe89af59ac0077f923d72dc3dfd
  Moya: 5b45dacb75adb009f97fde91c204c1e565d31916
  Moya-SwiftyJSONMapper: 2441e3b3406b7533ee1960caa21187b691adfddc
  ReactiveSwift: 7937f26ec18d555e2a99352bd0a8b2817d1f042d
  RxSwift: 81470a2074fa8780320ea5fe4102807cb7118178
  SwiftyJSON: 36413e04c44ee145039d332b4f4e2d3e8d6c4db7

PODFILE CHECKSUM: 0f2d4be57b04bf5af80df2e0907c21fb52ce44d5

COCOAPODS: 1.9.3
