PODS:
  - Alamofire (4.7.3)
  - Moya (11.0.2):
    - Moya/Core (= 11.0.2)
  - Moya-SwiftyJSONMapper (3.1.0):
    - Moya-SwiftyJSONMapper/Core (= 3.1.0)
  - Moya-SwiftyJSONMapper/Core (3.1.0):
    - Moya (~> 11.0)
    - SwiftyJSON
  - Moya-SwiftyJSONMapper/ReactiveCocoa (3.1.0):
    - Moya-SwiftyJSONMapper/Core
    - Moya/ReactiveSwift
  - Moya-SwiftyJSONMapper/RxSwift (3.1.0):
    - Moya-SwiftyJSONMapper/Core
    - Moya/RxSwift
  - Moya/Core (11.0.2):
    - Alamofire (~> 4.1)
    - Result (~> 3.0)
  - Moya/ReactiveSwift (11.0.2):
    - Moya/Core
    - ReactiveSwift (~> 3.0)
  - Moya/RxSwift (11.0.2):
    - Moya/Core
    - RxSwift (~> 4.0)
  - ReactiveSwift (3.1.0):
    - Result (~> 3.2)
  - Result (3.2.4)
  - RxSwift (4.3.0)
  - SwiftyJSON (3.1.4)

DEPENDENCIES:
  - Moya-SwiftyJSONMapper (from `../`)
  - Moya-SwiftyJSONMapper/ReactiveCocoa (from `../`)
  - Moya-SwiftyJSONMapper/RxSwift (from `../`)

SPEC REPOS:
  https://github.com/cocoapods/specs.git:
    - Alamofire
    - Moya
    - ReactiveSwift
    - Result
    - RxSwift
    - SwiftyJSON

EXTERNAL SOURCES:
  Moya-SwiftyJSONMapper:
    :path: "../"

SPEC CHECKSUMS:
  Alamofire: c7287b6e5d7da964a70935e5db17046b7fde6568
  Moya: a725035953bc1c0eb1be505ab903984501d82440
  Moya-SwiftyJSONMapper: 7d63343fe826514ff710b5d39bdccda5cfce9dbb
  ReactiveSwift: 5b26d2e988fe0eed2daf48c4054d1de74db50184
  Result: d2d07204ce72856f1fd9130bbe42c35a7b0fea10
  RxSwift: a9717a34df3179fe63563f76e046ad345078dd3a
  SwiftyJSON: c2842d878f95482ffceec5709abc3d05680c0220

PODFILE CHECKSUM: f4b96694fb484a90dfd563ab2c7e9cbd793722e9

COCOAPODS: 1.5.3
