PODS:
  - Alamofire (5.6.2)
  - Moya (15.0.0):
    - Moya/Core (= 15.0.0)
  - Moya-SwiftyJSONMapper (6.1.0):
    - Moya-SwiftyJSONMapper/Core (= 6.1.0)
  - Moya-SwiftyJSONMapper/Core (6.1.0):
    - Moya (~> 15)
    - SwiftyJSON
  - Moya-SwiftyJSONMapper/ReactiveCocoa (6.1.0):
    - Moya-SwiftyJSONMapper/Core
    - Moya/ReactiveSwift
  - Moya-SwiftyJSONMapper/RxSwift (6.1.0):
    - Moya-SwiftyJSONMapper/Core
    - Moya/RxSwift
  - Moya/Core (15.0.0):
    - Alamofire (~> 5.0)
  - Moya/ReactiveSwift (15.0.0):
    - Moya/Core
    - ReactiveSwift (~> 6.6.1)
  - Moya/RxSwift (15.0.0):
    - Moya/Core
    - RxSwift (~> 6.0)
  - ReactiveSwift (6.6.1)
  - RxSwift (6.5.0)
  - SwiftyJSON (5.0.1)

DEPENDENCIES:
  - Moya-SwiftyJSONMapper (from `../`)
  - Moya-SwiftyJSONMapper/ReactiveCocoa (from `../`)
  - Moya-SwiftyJSONMapper/RxSwift (from `../`)

SPEC REPOS:
  https://github.com/CocoaPods/Specs.git:
    - Alamofire
    - Moya
    - ReactiveSwift
    - RxSwift
    - SwiftyJSON

EXTERNAL SOURCES:
  Moya-SwiftyJSONMapper:
    :path: "../"

SPEC CHECKSUMS:
  Alamofire: d368e1ff8a298e6dde360e35a3e68e6c610e7204
  Moya: 138f0573e53411fb3dc17016add0b748dfbd78ee
  Moya-SwiftyJSONMapper: acaf055cc2ed1b3ebee1f4bc0674bb2e33acf1f1
  ReactiveSwift: fab34244ad908808dc822bae352a058c8837c4ca
  RxSwift: 5710a9e6b17f3c3d6e40d6e559b9fa1e813b2ef8
  SwiftyJSON: 2f33a42c6fbc52764d96f13368585094bfd8aa5e

PODFILE CHECKSUM: 0f2d4be57b04bf5af80df2e0907c21fb52ce44d5

COCOAPODS: 1.11.3
